{
  "name": "@owstack/bch-lib",
  "version": "0.1.0",
  "lockfileVersion": 1,
  "requires": true,
  "dependencies": {
    "@owstack/satoshi-common-lib": {
      "version": "0.1.0",
      "resolved": "https://registry.npmjs.org/@owstack/satoshi-common-lib/-/satoshi-common-lib-0.1.0.tgz",
      "integrity": "sha512-Mbalsr1yH9Jr1E603ztoxhDA38r8BS1p4UAJdOdHsxdZGJAQaisRA6xIaZPxdik0d6dRmal0gEI3ro6HYKWaEA==",
      "requires": {
        "@owstack/ows-common": "0.0.3",
        "buffer-compare": "1.0.0",
        "elliptic": "3.0.3",
        "inherits": "2.0.1"
      },
      "dependencies": {
        "@owstack/ows-common": {
          "version": "0.0.3",
          "resolved": "https://registry.npmjs.org/@owstack/ows-common/-/ows-common-0.0.3.tgz",
          "integrity": "sha512-gFS4NTm2ebYGJUgqBHjuqPgNrg4iydIXoEZSrwXggsE4Y5xNTEKtWGh/8TE3u84hjYiUBgK8oF51d084l8QazA==",
          "requires": {
            "bn.js": "2.0.4",
            "bs58": "2.0.0",
            "lodash": "4.17.4"
          }
        },
        "buffer-compare": {
          "version": "1.0.0",
          "resolved": "https://registry.npmjs.org/buffer-compare/-/buffer-compare-1.0.0.tgz",
          "integrity": "sha1-rKp6lm6Y7un64Usxw5pfFY+zxKI="
        },
        "elliptic": {
          "version": "3.0.3",
          "resolved": "https://registry.npmjs.org/elliptic/-/elliptic-3.0.3.tgz",
          "integrity": "sha1-hlybQgv75VAGuflp+XoNLESWZZU=",
          "requires": {
            "bn.js": "2.0.4",
            "brorand": "1.1.0",
            "hash.js": "1.1.3",
            "inherits": "2.0.1"
          }
        },
        "inherits": {
          "version": "2.0.1",
          "resolved": "https://registry.npmjs.org/inherits/-/inherits-2.0.1.tgz",
          "integrity": "sha1-sX0I0ya0Qj5Wjv9xn5GwscvfafE="
        }
      }
    },
    "bn.js": {
      "version": "2.0.4",
      "resolved": "https://registry.npmjs.org/bn.js/-/bn.js-2.0.4.tgz",
      "integrity": "sha1-Igp81nf38b+pNif/QZN3b+eBlIA="
    },
    "brorand": {
      "version": "1.1.0",
      "resolved": "https://registry.npmjs.org/brorand/-/brorand-1.1.0.tgz",
      "integrity": "sha1-EsJe/kCkXjwyPrhnWgoM5XsiNx8="
    },
    "bs58": {
      "version": "2.0.0",
      "resolved": "https://registry.npmjs.org/bs58/-/bs58-2.0.0.tgz",
      "integrity": "sha1-crcTvtIjoKxRi72g484/SBfznrU="
    },
    "hash.js": {
      "version": "1.1.3",
      "resolved": "https://registry.npmjs.org/hash.js/-/hash.js-1.1.3.tgz",
      "integrity": "sha512-/UETyP0W22QILqS+6HowevwhEFJ3MBJnwTf75Qob9Wz9t0DPuisL8kW8YZMK62dHAKE1c1p+gY1TtOLY+USEHA==",
      "requires": {
        "inherits": "2.0.3",
        "minimalistic-assert": "1.0.0"
      },
      "dependencies": {
        "inherits": {
          "version": "2.0.3",
          "resolved": "https://registry.npmjs.org/inherits/-/inherits-2.0.3.tgz",
          "integrity": "sha1-Yzwsg+PaQqUC9SRmAiSA9CCCYd4="
        }
      }
    },
    "lodash": {
      "version": "4.17.4",
      "resolved": "https://registry.npmjs.org/lodash/-/lodash-4.17.4.tgz",
      "integrity": "sha1-eCA6TRwyiuHYbcpkYONptX9AVa4="
    },
    "minimalistic-assert": {
      "version": "1.0.0",
      "resolved": "https://registry.npmjs.org/minimalistic-assert/-/minimalistic-assert-1.0.0.tgz",
      "integrity": "sha1-cCvi3aazf0g2vLP121ZkG2Sh09M="
    }
  }
}
